
Microsoft Visual Studio Solution File, Format Version 12.00
# Visual Studio Version 17
VisualStudioVersion = 17.4.33213.308
MinimumVisualStudioVersion = 10.0.40219.1
Project("{FAE04EC0-301F-11D3-BF4B-00C04F79EFBC}") = "PDC03_MODULE2test.Android", "PDC03_MODULE2test\PDC03_MODULE2test.Android\PDC03_MODULE2test.Android.csproj", "{3F5C71D7-CE0A-4A42-A1AE-22ED8634FE80}"
EndProject
Project("{FAE04EC0-301F-11D3-BF4B-00C04F79EFBC}") = "PDC03_MODULE2test.iOS", "PDC03_MODULE2test\PDC03_MODULE2test.iOS\PDC03_MODULE2test.iOS.csproj", "{8FA31009-5103-4A22-8413-C865785A5EE4}"
EndProject
Project("{FAE04EC0-301F-11D3-BF4B-00C04F79EFBC}") = "PDC03_MODULE2test", "PDC03_MODULE2test\PDC03_MODULE2test\PDC03_MODULE2test.csproj", "{03D4C425-BFB3-4982-8C26-F17B53413540}"
EndProject
Global
	GlobalSection(SolutionConfigurationPlatforms) = preSolution
		Debug|Any CPU = Debug|Any CPU
		Debug|iPhone = Debug|iPhone
		Debug|iPhoneSimulator = Debug|iPhoneSimulator
		Release|Any CPU = Release|Any CPU
		Release|iPhone = Release|iPhone
		Release|iPhoneSimulator = Release|iPhoneSimulator
	EndGlobalSection
	GlobalSection(ProjectConfigurationPlatforms) = postSolution
		{3F5C71D7-CE0A-4A42-A1AE-22ED8634FE80}.Debug|Any CPU.ActiveCfg = Debug|Any CPU
		{3F5C71D7-CE0A-4A42-A1AE-22ED8634FE80}.Debug|Any CPU.Build.0 = Debug|Any CPU
		{3F5C71D7-CE0A-4A42-A1AE-22ED8634FE80}.Debug|Any CPU.Deploy.0 = Debug|Any CPU
		{3F5C71D7-CE0A-4A42-A1AE-22ED8634FE80}.Debug|iPhone.ActiveCfg = Debug|Any CPU
		{3F5C71D7-CE0A-4A42-A1AE-22ED8634FE80}.Debug|iPhone.Build.0 = Debug|Any CPU
		{3F5C71D7-CE0A-4A42-A1AE-22ED8634FE80}.Debug|iPhone.Deploy.0 = Debug|Any CPU
		{3F5C71D7-CE0A-4A42-A1AE-22ED8634FE80}.Debug|iPhoneSimulator.ActiveCfg = Debug|Any CPU
		{3F5C71D7-CE0A-4A42-A1AE-22ED8634FE80}.Debug|iPhoneSimulator.Build.0 = Debug|Any CPU
		{3F5C71D7-CE0A-4A42-A1AE-22ED8634FE80}.Debug|iPhoneSimulator.Deploy.0 = Debug|Any CPU
		{3F5C71D7-CE0A-4A42-A1AE-22ED8634FE80}.Release|Any CPU.ActiveCfg = Release|Any CPU
		{3F5C71D7-CE0A-4A42-A1AE-22ED8634FE80}.Release|Any CPU.Build.0 = Release|Any CPU
		{3F5C71D7-CE0A-4A42-A1AE-22ED8634FE80}.Release|Any CPU.Deploy.0 = Release|Any CPU
		{3F5C71D7-CE0A-4A42-A1AE-22ED8634FE80}.Release|iPhone.ActiveCfg = Release|Any CPU
		{3F5C71D7-CE0A-4A42-A1AE-22ED8634FE80}.Release|iPhone.Build.0 = Release|Any CPU
		{3F5C71D7-CE0A-4A42-A1AE-22ED8634FE80}.Release|iPhone.Deploy.0 = Release|Any CPU
		{3F5C71D7-CE0A-4A42-A1AE-22ED8634FE80}.Release|iPhoneSimulator.ActiveCfg = Release|Any CPU
		{3F5C71D7-CE0A-4A42-A1AE-22ED8634FE80}.Release|iPhoneSimulator.Build.0 = Release|Any CPU
		{3F5C71D7-CE0A-4A42-A1AE-22ED8634FE80}.Release|iPhoneSimulator.Deploy.0 = Release|Any CPU
		{8FA31009-5103-4A22-8413-C865785A5EE4}.Debug|Any CPU.ActiveCfg = Debug|iPhone
		{8FA31009-5103-4A22-8413-C865785A5EE4}.Debug|Any CPU.Build.0 = Debug|iPhone
		{8FA31009-5103-4A22-8413-C865785A5EE4}.Debug|Any CPU.Deploy.0 = Debug|iPhone
		{8FA31009-5103-4A22-8413-C865785A5EE4}.Debug|iPhone.ActiveCfg = Debug|iPhone
		{8FA31009-5103-4A22-8413-C865785A5EE4}.Debug|iPhone.Build.0 = Debug|iPhone
		{8FA31009-5103-4A22-8413-C865785A5EE4}.Debug|iPhone.Deploy.0 = Debug|iPhone
		{8FA31009-5103-4A22-8413-C865785A5EE4}.Debug|iPhoneSimulator.ActiveCfg = Debug|iPhoneSimulator
		{8FA31009-5103-4A22-8413-C865785A5EE4}.Debug|iPhoneSimulator.Build.0 = Debug|iPhoneSimulator
		{8FA31009-5103-4A22-8413-C865785A5EE4}.Debug|iPhoneSimulator.Deploy.0 = Debug|iPhoneSimulator
		{8FA31009-5103-4A22-8413-C865785A5EE4}.Release|Any CPU.ActiveCfg = Release|iPhoneSimulator
		{8FA31009-5103-4A22-8413-C865785A5EE4}.Release|Any CPU.Build.0 = Release|iPhoneSimulator
		{8FA31009-5103-4A22-8413-C865785A5EE4}.Release|Any CPU.Deploy.0 = Release|iPhoneSimulator
		{8FA31009-5103-4A22-8413-C865785A5EE4}.Release|iPhone.ActiveCfg = Release|iPhone
		{8FA31009-5103-4A22-8413-C865785A5EE4}.Release|iPhone.Build.0 = Release|iPhone
		{8FA31009-5103-4A22-8413-C865785A5EE4}.Release|iPhone.Deploy.0 = Release|iPhone
		{8FA31009-5103-4A22-8413-C865785A5EE4}.Release|iPhoneSimulator.ActiveCfg = Release|iPhoneSimulator
		{8FA31009-5103-4A22-8413-C865785A5EE4}.Release|iPhoneSimulator.Build.0 = Release|iPhoneSimulator
		{8FA31009-5103-4A22-8413-C865785A5EE4}.Release|iPhoneSimulator.Deploy.0 = Release|iPhoneSimulator
		{03D4C425-BFB3-4982-8C26-F17B53413540}.Debug|Any CPU.ActiveCfg = Debug|Any CPU
		{03D4C425-BFB3-4982-8C26-F17B53413540}.Debug|Any CPU.Build.0 = Debug|Any CPU
		{03D4C425-BFB3-4982-8C26-F17B53413540}.Debug|Any CPU.Deploy.0 = Debug|Any CPU
		{03D4C425-BFB3-4982-8C26-F17B53413540}.Debug|iPhone.ActiveCfg = Debug|Any CPU
		{03D4C425-BFB3-4982-8C26-F17B53413540}.Debug|iPhone.Build.0 = Debug|Any CPU
		{03D4C425-BFB3-4982-8C26-F17B53413540}.Debug|iPhone.Deploy.0 = Debug|Any CPU
		{03D4C425-BFB3-4982-8C26-F17B53413540}.Debug|iPhoneSimulator.ActiveCfg = Debug|Any CPU
		{03D4C425-BFB3-4982-8C26-F17B53413540}.Debug|iPhoneSimulator.Build.0 = Debug|Any CPU
		{03D4C425-BFB3-4982-8C26-F17B53413540}.Debug|iPhoneSimulator.Deploy.0 = Debug|Any CPU
		{03D4C425-BFB3-4982-8C26-F17B53413540}.Release|Any CPU.ActiveCfg = Release|Any CPU
		{03D4C425-BFB3-4982-8C26-F17B53413540}.Release|Any CPU.Build.0 = Release|Any CPU
		{03D4C425-BFB3-4982-8C26-F17B53413540}.Release|Any CPU.Deploy.0 = Release|Any CPU
		{03D4C425-BFB3-4982-8C26-F17B53413540}.Release|iPhone.ActiveCfg = Release|Any CPU
		{03D4C425-BFB3-4982-8C26-F17B53413540}.Release|iPhone.Build.0 = Release|Any CPU
		{03D4C425-BFB3-4982-8C26-F17B53413540}.Release|iPhone.Deploy.0 = Release|Any CPU
		{03D4C425-BFB3-4982-8C26-F17B53413540}.Release|iPhoneSimulator.ActiveCfg = Release|Any CPU
		{03D4C425-BFB3-4982-8C26-F17B53413540}.Release|iPhoneSimulator.Build.0 = Release|Any CPU
		{03D4C425-BFB3-4982-8C26-F17B53413540}.Release|iPhoneSimulator.Deploy.0 = Release|Any CPU
	EndGlobalSection
	GlobalSection(SolutionProperties) = preSolution
		HideSolutionNode = FALSE
	EndGlobalSection
	GlobalSection(ExtensibilityGlobals) = postSolution
		SolutionGuid = {526AE607-F488-438F-AF52-A55D32B53244}
	EndGlobalSection
EndGlobal
